
Microsoft Visual Studio Solution File, Format Version 12.00
# Visual Studio 2012
Project("{00D1A9C2-B5F0-4AF3-8072-F6C62B433612}") = "TSQLSmellsTest", "TSQLSmellsTest.sqlproj", "{B9E421DD-C25A-4FD2-B509-024A8C4422DF}"
EndProject
Global
	GlobalSection(SolutionConfigurationPlatforms) = preSolution
		Debug|Any CPU = Debug|Any CPU
		Release|Any CPU = Release|Any CPU
	EndGlobalSection
	GlobalSection(ProjectConfigurationPlatforms) = postSolution
		{B9E421DD-C25A-4FD2-B509-024A8C4422DF}.Debug|Any CPU.ActiveCfg = Debug|Any CPU
		{B9E421DD-C25A-4FD2-B509-024A8C4422DF}.Debug|Any CPU.Build.0 = Debug|Any CPU
		{B9E421DD-C25A-4FD2-B509-024A8C4422DF}.Debug|Any CPU.Deploy.0 = Debug|Any CPU
		{B9E421DD-C25A-4FD2-B509-024A8C4422DF}.Release|Any CPU.ActiveCfg = Release|Any CPU
		{B9E421DD-C25A-4FD2-B509-024A8C4422DF}.Release|Any CPU.Build.0 = Release|Any CPU
		{B9E421DD-C25A-4FD2-B509-024A8C4422DF}.Release|Any CPU.Deploy.0 = Release|Any CPU
	EndGlobalSection
	GlobalSection(SolutionProperties) = preSolution
		HideSolutionNode = FALSE
	EndGlobalSection
EndGlobal
